
Microsoft Visual Studio Solution File, Format Version 12.00
# Visual Studio Version 17
VisualStudioVersion = 17.0.31903.59
MinimumVisualStudioVersion = 10.0.40219.1
Project("{2150E333-8FDC-42A3-9474-1A3956D46DE8}") = "AutoMacro", "AutoMacro", "{A58CBF1C-27B8-41A9-B7E4-B092D66ED42C}"
EndProject
Project("{FAE04EC0-301F-11D3-BF4B-00C04F79EFBC}") = "AutoMacro", "AutoMacro\AutoMacro\AutoMacro.csproj", "{4B5147DB-4B9F-42B0-B57B-AE06E5A58A21}"
EndProject
Global
	GlobalSection(SolutionConfigurationPlatforms) = preSolution
		Debug|Any CPU = Debug|Any CPU
		Release|Any CPU = Release|Any CPU
	EndGlobalSection
	GlobalSection(SolutionProperties) = preSolution
		HideSolutionNode = FALSE
	EndGlobalSection
	GlobalSection(ProjectConfigurationPlatforms) = postSolution
		{4B5147DB-4B9F-42B0-B57B-AE06E5A58A21}.Debug|Any CPU.ActiveCfg = Debug|Any CPU
		{4B5147DB-4B9F-42B0-B57B-AE06E5A58A21}.Debug|Any CPU.Build.0 = Debug|Any CPU
		{4B5147DB-4B9F-42B0-B57B-AE06E5A58A21}.Release|Any CPU.ActiveCfg = Release|Any CPU
		{4B5147DB-4B9F-42B0-B57B-AE06E5A58A21}.Release|Any CPU.Build.0 = Release|Any CPU
	EndGlobalSection
	GlobalSection(NestedProjects) = preSolution
		{4B5147DB-4B9F-42B0-B57B-AE06E5A58A21} = {A58CBF1C-27B8-41A9-B7E4-B092D66ED42C}
	EndGlobalSection
EndGlobal
